// !$*UTF8*$!
{
	archiveVersion = 1;
	classes = {
	};
	objectVersion = 55;
	objects = {

/* Begin PBXBuildFile section */
		10C83EEF270455D000DB8841 /* YouTubeApp.swift in Sources */ = {isa = PBXBuildFile; fileRef = 10C83EEE270455D000DB8841 /* YouTubeApp.swift */; };
		10C83EF1270455D000DB8841 /* ContentView.swift in Sources */ = {isa = PBXBuildFile; fileRef = 10C83EF0270455D000DB8841 /* ContentView.swift */; };
		10C83EF3270455D500DB8841 /* Assets.xcassets in Resources */ = {isa = PBXBuildFile; fileRef = 10C83EF2270455D500DB8841 /* Assets.xcassets */; };
		10C83EF6270455D600DB8841 /* Preview Assets.xcassets in Resources */ = {isa = PBXBuildFile; fileRef = 10C83EF5270455D600DB8841 /* Preview Assets.xcassets */; };
		10C83F082704728B00DB8841 /* Colors.swift in Sources */ = {isa = PBXBuildFile; fileRef = 10C83F072704728B00DB8841 /* Colors.swift */; };
		10C83F0A2704729700DB8841 /* Font.swift in Sources */ = {isa = PBXBuildFile; fileRef = 10C83F092704729700DB8841 /* Font.swift */; };
		10C83F0C2704729F00DB8841 /* Image.swift in Sources */ = {isa = PBXBuildFile; fileRef = 10C83F0B2704729F00DB8841 /* Image.swift */; };
		10C83F10270475D300DB8841 /* HeaderView.swift in Sources */ = {isa = PBXBuildFile; fileRef = 10C83F0F270475D300DB8841 /* HeaderView.swift */; };
		10C83F3627047A8F00DB8841 /* YouTubeSansDark-Extra.ttf in Resources */ = {isa = PBXBuildFile; fileRef = 10C83F1827047A8900DB8841 /* YouTubeSansDark-Extra.ttf */; };
		10C83F3727047A8F00DB8841 /* YouTubeSansDark-Light.ttf in Resources */ = {isa = PBXBuildFile; fileRef = 10C83F1927047A8A00DB8841 /* YouTubeSansDark-Light.ttf */; };
		10C83F3A27047A8F00DB8841 /* YouTubeSansDark-Bold.ttf in Resources */ = {isa = PBXBuildFile; fileRef = 10C83F1C27047A8A00DB8841 /* YouTubeSansDark-Bold.ttf */; };
		10C83F3F27047A8F00DB8841 /* YouTubeSansDark-SemiBold.ttf in Resources */ = {isa = PBXBuildFile; fileRef = 10C83F2127047A8B00DB8841 /* YouTubeSansDark-SemiBold.ttf */; };
		10C83F4927047A8F00DB8841 /* YouTubeSansDark-Regular.ttf in Resources */ = {isa = PBXBuildFile; fileRef = 10C83F2B27047A8E00DB8841 /* YouTubeSansDark-Regular.ttf */; };
		10C83F4D27047A8F00DB8841 /* YouTubeSansDark-Medium.ttf in Resources */ = {isa = PBXBuildFile; fileRef = 10C83F2F27047A8F00DB8841 /* YouTubeSansDark-Medium.ttf */; };
/* End PBXBuildFile section */

/* Begin PBXFileReference section */
		10C83EEB270455D000DB8841 /* YouTube.app */ = {isa = PBXFileReference; explicitFileType = wrapper.application; includeInIndex = 0; path = YouTube.app; sourceTree = BUILT_PRODUCTS_DIR; };
		10C83EEE270455D000DB8841 /* YouTubeApp.swift */ = {isa = PBXFileReference; lastKnownFileType = sourcecode.swift; path = YouTubeApp.swift; sourceTree = "<group>"; };
		10C83EF0270455D000DB8841 /* ContentView.swift */ = {isa = PBXFileReference; lastKnownFileType = sourcecode.swift; path = ContentView.swift; sourceTree = "<group>"; };
		10C83EF2270455D500DB8841 /* Assets.xcassets */ = {isa = PBXFileReference; lastKnownFileType = folder.assetcatalog; path = Assets.xcassets; sourceTree = "<group>"; };
		10C83EF5270455D600DB8841 /* Preview Assets.xcassets */ = {isa = PBXFileReference; lastKnownFileType = folder.assetcatalog; path = "Preview Assets.xcassets"; sourceTree = "<group>"; };
		10C83F072704728B00DB8841 /* Colors.swift */ = {isa = PBXFileReference; fileEncoding = 4; lastKnownFileType = sourcecode.swift; path = Colors.swift; sourceTree = "<group>"; };
		10C83F092704729700DB8841 /* Font.swift */ = {isa = PBXFileReference; fileEncoding = 4; lastKnownFileType = sourcecode.swift; path = Font.swift; sourceTree = "<group>"; };
		10C83F0B2704729F00DB8841 /* Image.swift */ = {isa = PBXFileReference; fileEncoding = 4; lastKnownFileType = sourcecode.swift; path = Image.swift; sourceTree = "<group>"; };
		10C83F0F270475D300DB8841 /* HeaderView.swift */ = {isa = PBXFileReference; lastKnownFileType = sourcecode.swift; path = HeaderView.swift; sourceTree = "<group>"; };
		10C83F13270477BC00DB8841 /* BebasNeue-Regular.ttf */ = {isa = PBXFileReference; lastKnownFileType = file; path = "BebasNeue-Regular.ttf"; sourceTree = "<group>"; };
		10C83F1827047A8900DB8841 /* YouTubeSansDark-Extra.ttf */ = {isa = PBXFileReference; lastKnownFileType = file; path = "YouTubeSansDark-Extra.ttf"; sourceTree = "<group>"; };
		10C83F1927047A8A00DB8841 /* YouTubeSansDark-Light.ttf */ = {isa = PBXFileReference; lastKnownFileType = file; path = "YouTubeSansDark-Light.ttf"; sourceTree = "<group>"; };
		10C83F1C27047A8A00DB8841 /* YouTubeSansDark-Bold.ttf */ = {isa = PBXFileReference; lastKnownFileType = file; path = "YouTubeSansDark-Bold.ttf"; sourceTree = "<group>"; };
		10C83F2127047A8B00DB8841 /* YouTubeSansDark-SemiBold.ttf */ = {isa = PBXFileReference; lastKnownFileType = file; path = "YouTubeSansDark-SemiBold.ttf"; sourceTree = "<group>"; };
		10C83F2B27047A8E00DB8841 /* YouTubeSansDark-Regular.ttf */ = {isa = PBXFileReference; lastKnownFileType = file; path = "YouTubeSansDark-Regular.ttf"; sourceTree = "<group>"; };
		10C83F2F27047A8F00DB8841 /* YouTubeSansDark-Medium.ttf */ = {isa = PBXFileReference; lastKnownFileType = file; path = "YouTubeSansDark-Medium.ttf"; sourceTree = "<group>"; };
/* End PBXFileReference section */

/* Begin PBXFrameworksBuildPhase section */
		10C83EE8270455D000DB8841 /* Frameworks */ = {
			isa = PBXFrameworksBuildPhase;
			buildActionMask = 2147483647;
			files = (
			);
			runOnlyForDeploymentPostprocessing = 0;
		};
/* End PBXFrameworksBuildPhase section */

/* Begin PBXGroup section */
		10C83EE2270455D000DB8841 = {
			isa = PBXGroup;
			children = (
				10C83EED270455D000DB8841 /* YouTube */,
				10C83EEC270455D000DB8841 /* Products */,
			);
			sourceTree = "<group>";
		};
		10C83EEC270455D000DB8841 /* Products */ = {
			isa = PBXGroup;
			children = (
				10C83EEB270455D000DB8841 /* YouTube.app */,
			);
			name = Products;
			sourceTree = "<group>";
		};
		10C83EED270455D000DB8841 /* YouTube */ = {
			isa = PBXGroup;
			children = (
				10C83F0D2704759800DB8841 /* Views */,
				10C83F032704701800DB8841 /* Resources */,
				10C83EEE270455D000DB8841 /* YouTubeApp.swift */,
				10C83EF0270455D000DB8841 /* ContentView.swift */,
				10C83EF2270455D500DB8841 /* Assets.xcassets */,
				10C83EF4270455D600DB8841 /* Preview Content */,
			);
			path = YouTube;
			sourceTree = "<group>";
		};
		10C83EF4270455D600DB8841 /* Preview Content */ = {
			isa = PBXGroup;
			children = (
				10C83EF5270455D600DB8841 /* Preview Assets.xcassets */,
			);
			path = "Preview Content";
			sourceTree = "<group>";
		};
		10C83F032704701800DB8841 /* Resources */ = {
			isa = PBXGroup;
			children = (
				10C83F0B2704729F00DB8841 /* Image.swift */,
				10C83F092704729700DB8841 /* Font.swift */,
				10C83F072704728B00DB8841 /* Colors.swift */,
				10C83F13270477BC00DB8841 /* BebasNeue-Regular.ttf */,
				10C83F042704702700DB8841 /* Font */,
			);
			path = Resources;
			sourceTree = "<group>";
		};
		10C83F042704702700DB8841 /* Font */ = {
			isa = PBXGroup;
			children = (
				10C83F1827047A8900DB8841 /* YouTubeSansDark-Extra.ttf */,
				10C83F1C27047A8A00DB8841 /* YouTubeSansDark-Bold.ttf */,
				10C83F1927047A8A00DB8841 /* YouTubeSansDark-Light.ttf */,
				10C83F2F27047A8F00DB8841 /* YouTubeSansDark-Medium.ttf */,
				10C83F2B27047A8E00DB8841 /* YouTubeSansDark-Regular.ttf */,
				10C83F2127047A8B00DB8841 /* YouTubeSansDark-SemiBold.ttf */,
			);
			path = Font;
			sourceTree = "<group>";
		};
		10C83F0D2704759800DB8841 /* Views */ = {
			isa = PBXGroup;
			children = (
				10C83F0E270475A500DB8841 /* Home */,
			);
			path = Views;
			sourceTree = "<group>";
		};
		10C83F0E270475A500DB8841 /* Home */ = {
			isa = PBXGroup;
			children = (
				10C83F0F270475D300DB8841 /* HeaderView.swift */,
			);
			path = Home;
			sourceTree = "<group>";
		};
/* End PBXGroup section */

/* Begin PBXNativeTarget section */
		10C83EEA270455D000DB8841 /* YouTube */ = {
			isa = PBXNativeTarget;
			buildConfigurationList = 10C83EF9270455D600DB8841 /* Build configuration list for PBXNativeTarget "YouTube" */;
			buildPhases = (
				10C83EE7270455D000DB8841 /* Sources */,
				10C83EE8270455D000DB8841 /* Frameworks */,
				10C83EE9270455D000DB8841 /* Resources */,
			);
			buildRules = (
			);
			dependencies = (
			);
			name = YouTube;
			productName = YouTube;
			productReference = 10C83EEB270455D000DB8841 /* YouTube.app */;
			productType = "com.apple.product-type.application";
		};
/* End PBXNativeTarget section */

/* Begin PBXProject section */
		10C83EE3270455D000DB8841 /* Project object */ = {
			isa = PBXProject;
			attributes = {
				BuildIndependentTargetsInParallel = 1;
				LastSwiftUpdateCheck = 1300;
				LastUpgradeCheck = 1300;
				TargetAttributes = {
					10C83EEA270455D000DB8841 = {
						CreatedOnToolsVersion = 13.0;
					};
				};
			};
			buildConfigurationList = 10C83EE6270455D000DB8841 /* Build configuration list for PBXProject "YouTube" */;
			compatibilityVersion = "Xcode 13.0";
			developmentRegion = en;
			hasScannedForEncodings = 0;
			knownRegions = (
				en,
				Base,
			);
			mainGroup = 10C83EE2270455D000DB8841;
			productRefGroup = 10C83EEC270455D000DB8841 /* Products */;
			projectDirPath = "";
			projectRoot = "";
			targets = (
				10C83EEA270455D000DB8841 /* YouTube */,
			);
		};
/* End PBXProject section */

/* Begin PBXResourcesBuildPhase section */
		10C83EE9270455D000DB8841 /* Resources */ = {
			isa = PBXResourcesBuildPhase;
			buildActionMask = 2147483647;
			files = (
				10C83EF6270455D600DB8841 /* Preview Assets.xcassets in Resources */,
				10C83F3A27047A8F00DB8841 /* YouTubeSansDark-Bold.ttf in Resources */,
				10C83F4927047A8F00DB8841 /* YouTubeSansDark-Regular.ttf in Resources */,
				10C83EF3270455D500DB8841 /* Assets.xcassets in Resources */,
				10C83F3F27047A8F00DB8841 /* YouTubeSansDark-SemiBold.ttf in Resources */,
				10C83F3727047A8F00DB8841 /* YouTubeSansDark-Light.ttf in Resources */,
				10C83F4D27047A8F00DB8841 /* YouTubeSansDark-Medium.ttf in Resources */,
				10C83F3627047A8F00DB8841 /* YouTubeSansDark-Extra.ttf in Resources */,
			);
			runOnlyForDeploymentPostprocessing = 0;
		};
/* End PBXResourcesBuildPhase section */

/* Begin PBXSourcesBuildPhase section */
		10C83EE7270455D000DB8841 /* Sources */ = {
			isa = PBXSourcesBuildPhase;
			buildActionMask = 2147483647;
			files = (
				10C83F0A2704729700DB8841 /* Font.swift in Sources */,
				10C83EF1270455D000DB8841 /* ContentView.swift in Sources */,
				10C83F082704728B00DB8841 /* Colors.swift in Sources */,
				10C83EEF270455D000DB8841 /* YouTubeApp.swift in Sources */,
				10C83F10270475D300DB8841 /* HeaderView.swift in Sources */,
				10C83F0C2704729F00DB8841 /* Image.swift in Sources */,
			);
			runOnlyForDeploymentPostprocessing = 0;
		};
/* End PBXSourcesBuildPhase section */

/* Begin XCBuildConfiguration section */
		10C83EF7270455D600DB8841 /* Debug */ = {
			isa = XCBuildConfiguration;
			buildSettings = {
				ALWAYS_SEARCH_USER_PATHS = NO;
				CLANG_ANALYZER_NONNULL = YES;
				CLANG_ANALYZER_NUMBER_OBJECT_CONVERSION = YES_AGGRESSIVE;
				CLANG_CXX_LANGUAGE_STANDARD = "gnu++17";
				CLANG_CXX_LIBRARY = "libc++";
				CLANG_ENABLE_MODULES = YES;
				CLANG_ENABLE_OBJC_ARC = YES;
				CLANG_ENABLE_OBJC_WEAK = YES;
				CLANG_WARN_BLOCK_CAPTURE_AUTORELEASING = YES;
				CLANG_WARN_BOOL_CONVERSION = YES;
				CLANG_WARN_COMMA = YES;
				CLANG_WARN_CONSTANT_CONVERSION = YES;
				CLANG_WARN_DEPRECATED_OBJC_IMPLEMENTATIONS = YES;
				CLANG_WARN_DIRECT_OBJC_ISA_USAGE = YES_ERROR;
				CLANG_WARN_DOCUMENTATION_COMMENTS = YES;
				CLANG_WARN_EMPTY_BODY = YES;
				CLANG_WARN_ENUM_CONVERSION = YES;
				CLANG_WARN_INFINITE_RECURSION = YES;
				CLANG_WARN_INT_CONVERSION = YES;
				CLANG_WARN_NON_LITERAL_NULL_CONVERSION = YES;
				CLANG_WARN_OBJC_IMPLICIT_RETAIN_SELF = YES;
				CLANG_WARN_OBJC_LITERAL_CONVERSION = YES;
				CLANG_WARN_OBJC_ROOT_CLASS = YES_ERROR;
				CLANG_WARN_QUOTED_INCLUDE_IN_FRAMEWORK_HEADER = YES;
				CLANG_WARN_RANGE_LOOP_ANALYSIS = YES;
				CLANG_WARN_STRICT_PROTOTYPES = YES;
				CLANG_WARN_SUSPICIOUS_MOVE = YES;
				CLANG_WARN_UNGUARDED_AVAILABILITY = YES_AGGRESSIVE;
				CLANG_WARN_UNREACHABLE_CODE = YES;
				CLANG_WARN__DUPLICATE_METHOD_MATCH = YES;
				COPY_PHASE_STRIP = NO;
				DEBUG_INFORMATION_FORMAT = dwarf;
				ENABLE_STRICT_OBJC_MSGSEND = YES;
				ENABLE_TESTABILITY = YES;
				GCC_C_LANGUAGE_STANDARD = gnu11;
				GCC_DYNAMIC_NO_PIC = NO;
				GCC_NO_COMMON_BLOCKS = YES;
				GCC_OPTIMIZATION_LEVEL = 0;
				GCC_PREPROCESSOR_DEFINITIONS = (
					"DEBUG=1",
					"$(inherited)",
				);
				GCC_WARN_64_TO_32_BIT_CONVERSION = YES;
				GCC_WARN_ABOUT_RETURN_TYPE = YES_ERROR;
				GCC_WARN_UNDECLARED_SELECTOR = YES;
				GCC_WARN_UNINITIALIZED_AUTOS = YES_AGGRESSIVE;
				GCC_WARN_UNUSED_FUNCTION = YES;
				GCC_WARN_UNUSED_VARIABLE = YES;
				IPHONEOS_DEPLOYMENT_TARGET = 15.0;
				MTL_ENABLE_DEBUG_INFO = INCLUDE_SOURCE;
				MTL_FAST_MATH = YES;
				ONLY_ACTIVE_ARCH = YES;
				SDKROOT = iphoneos;
				SWIFT_ACTIVE_COMPILATION_CONDITIONS = DEBUG;
				SWIFT_OPTIMIZATION_LEVEL = "-Onone";
			};
			name = Debug;
		};
		10C83EF8270455D600DB8841 /* Release */ = {
			isa = XCBuildConfiguration;
			buildSettings = {
				ALWAYS_SEARCH_USER_PATHS = NO;
				CLANG_ANALYZER_NONNULL = YES;
				CLANG_ANALYZER_NUMBER_OBJECT_CONVERSION = YES_AGGRESSIVE;
				CLANG_CXX_LANGUAGE_STANDARD = "gnu++17";
				CLANG_CXX_LIBRARY = "libc++";
				CLANG_ENABLE_MODULES = YES;
				CLANG_ENABLE_OBJC_ARC = YES;
				CLANG_ENABLE_OBJC_WEAK = YES;
				CLANG_WARN_BLOCK_CAPTURE_AUTORELEASING = YES;
				CLANG_WARN_BOOL_CONVERSION = YES;
				CLANG_WARN_COMMA = YES;
				CLANG_WARN_CONSTANT_CONVERSION = YES;
				CLANG_WARN_DEPRECATED_OBJC_IMPLEMENTATIONS = YES;
				CLANG_WARN_DIRECT_OBJC_ISA_USAGE = YES_ERROR;
				CLANG_WARN_DOCUMENTATION_COMMENTS = YES;
				CLANG_WARN_EMPTY_BODY = YES;
				CLANG_WARN_ENUM_CONVERSION = YES;
				CLANG_WARN_INFINITE_RECURSION = YES;
				CLANG_WARN_INT_CONVERSION = YES;
				CLANG_WARN_NON_LITERAL_NULL_CONVERSION = YES;
				CLANG_WARN_OBJC_IMPLICIT_RETAIN_SELF = YES;
				CLANG_WARN_OBJC_LITERAL_CONVERSION = YES;
				CLANG_WARN_OBJC_ROOT_CLASS = YES_ERROR;
				CLANG_WARN_QUOTED_INCLUDE_IN_FRAMEWORK_HEADER = YES;
				CLANG_WARN_RANGE_LOOP_ANALYSIS = YES;
				CLANG_WARN_STRICT_PROTOTYPES = YES;
				CLANG_WARN_SUSPICIOUS_MOVE = YES;
				CLANG_WARN_UNGUARDED_AVAILABILITY = YES_AGGRESSIVE;
				CLANG_WARN_UNREACHABLE_CODE = YES;
				CLANG_WARN__DUPLICATE_METHOD_MATCH = YES;
				COPY_PHASE_STRIP = NO;
				DEBUG_INFORMATION_FORMAT = "dwarf-with-dsym";
				ENABLE_NS_ASSERTIONS = NO;
				ENABLE_STRICT_OBJC_MSGSEND = YES;
				GCC_C_LANGUAGE_STANDARD = gnu11;
				GCC_NO_COMMON_BLOCKS = YES;
				GCC_WARN_64_TO_32_BIT_CONVERSION = YES;
				GCC_WARN_ABOUT_RETURN_TYPE = YES_ERROR;
				GCC_WARN_UNDECLARED_SELECTOR = YES;
				GCC_WARN_UNINITIALIZED_AUTOS = YES_AGGRESSIVE;
				GCC_WARN_UNUSED_FUNCTION = YES;
				GCC_WARN_UNUSED_VARIABLE = YES;
				IPHONEOS_DEPLOYMENT_TARGET = 15.0;
				MTL_ENABLE_DEBUG_INFO = NO;
				MTL_FAST_MATH = YES;
				SDKROOT = iphoneos;
				SWIFT_COMPILATION_MODE = wholemodule;
				SWIFT_OPTIMIZATION_LEVEL = "-O";
				VALIDATE_PRODUCT = YES;
			};
			name = Release;
		};
		10C83EFA270455D600DB8841 /* Debug */ = {
			isa = XCBuildConfiguration;
			buildSettings = {
				ASSETCATALOG_COMPILER_APPICON_NAME = AppIcon;
				ASSETCATALOG_COMPILER_GLOBAL_ACCENT_COLOR_NAME = AccentColor;
				CODE_SIGN_STYLE = Automatic;
				CURRENT_PROJECT_VERSION = 1;
				DEVELOPMENT_ASSET_PATHS = "\"YouTube/Preview Content\"";
				DEVELOPMENT_TEAM = 8HL6GD96GK;
				ENABLE_PREVIEWS = YES;
				GENERATE_INFOPLIST_FILE = YES;
				INFOPLIST_KEY_UIApplicationSceneManifest_Generation = YES;
				INFOPLIST_KEY_UIApplicationSupportsIndirectInputEvents = YES;
				INFOPLIST_KEY_UILaunchScreen_Generation = YES;
				INFOPLIST_KEY_UISupportedInterfaceOrientations_iPad = "UIInterfaceOrientationPortrait UIInterfaceOrientationPortraitUpsideDown UIInterfaceOrientationLandscapeLeft UIInterfaceOrientationLandscapeRight";
				INFOPLIST_KEY_UISupportedInterfaceOrientations_iPhone = "UIInterfaceOrientationPortrait UIInterfaceOrientationLandscapeLeft UIInterfaceOrientationLandscapeRight";
				IPHONEOS_DEPLOYMENT_TARGET = 14.0;
				LD_RUNPATH_SEARCH_PATHS = (
					"$(inherited)",
					"@executable_path/Frameworks",
				);
				MARKETING_VERSION = 1.0;
				PRODUCT_BUNDLE_IDENTIFIER = com.devesh.YouTube;
				PRODUCT_NAME = "$(TARGET_NAME)";
				SWIFT_EMIT_LOC_STRINGS = YES;
				SWIFT_VERSION = 5.0;
				TARGETED_DEVICE_FAMILY = "1,2";
			};
			name = Debug;
		};
		10C83EFB270455D600DB8841 /* Release */ = {
			isa = XCBuildConfiguration;
			buildSettings = {
				ASSETCATALOG_COMPILER_APPICON_NAME = AppIcon;
				ASSETCATALOG_COMPILER_GLOBAL_ACCENT_COLOR_NAME = AccentColor;
				CODE_SIGN_STYLE = Automatic;
				CURRENT_PROJECT_VERSION = 1;
				DEVELOPMENT_ASSET_PATHS = "\"YouTube/Preview Content\"";
				DEVELOPMENT_TEAM = 8HL6GD96GK;
				ENABLE_PREVIEWS = YES;
				GENERATE_INFOPLIST_FILE = YES;
				INFOPLIST_KEY_UIApplicationSceneManifest_Generation = YES;
				INFOPLIST_KEY_UIApplicationSupportsIndirectInputEvents = YES;
				INFOPLIST_KEY_UILaunchScreen_Generation = YES;
				INFOPLIST_KEY_UISupportedInterfaceOrientations_iPad = "UIInterfaceOrientationPortrait UIInterfaceOrientationPortraitUpsideDown UIInterfaceOrientationLandscapeLeft UIInterfaceOrientationLandscapeRight";
				INFOPLIST_KEY_UISupportedInterfaceOrientations_iPhone = "UIInterfaceOrientationPortrait UIInterfaceOrientationLandscapeLeft UIInterfaceOrientationLandscapeRight";
				IPHONEOS_DEPLOYMENT_TARGET = 14.0;
				LD_RUNPATH_SEARCH_PATHS = (
					"$(inherited)",
					"@executable_path/Frameworks",
				);
				MARKETING_VERSION = 1.0;
				PRODUCT_BUNDLE_IDENTIFIER = com.devesh.YouTube;
				PRODUCT_NAME = "$(TARGET_NAME)";
				SWIFT_EMIT_LOC_STRINGS = YES;
				SWIFT_VERSION = 5.0;
				TARGETED_DEVICE_FAMILY = "1,2";
			};
			name = Release;
		};
/* End XCBuildConfiguration section */

/* Begin XCConfigurationList section */
		10C83EE6270455D000DB8841 /* Build configuration list for PBXProject "YouTube" */ = {
			isa = XCConfigurationList;
			buildConfigurations = (
				10C83EF7270455D600DB8841 /* Debug */,
				10C83EF8270455D600DB8841 /* Release */,
			);
			defaultConfigurationIsVisible = 0;
			defaultConfigurationName = Release;
		};
		10C83EF9270455D600DB8841 /* Build configuration list for PBXNativeTarget "YouTube" */ = {
			isa = XCConfigurationList;
			buildConfigurations = (
				10C83EFA270455D600DB8841 /* Debug */,
				10C83EFB270455D600DB8841 /* Release */,
			);
			defaultConfigurationIsVisible = 0;
			defaultConfigurationName = Release;
		};
/* End XCConfigurationList section */
	};
	rootObject = 10C83EE3270455D000DB8841 /* Project object */;
}
